
Microsoft Visual Studio Solution File, Format Version 12.00
# Visual Studio 15
VisualStudioVersion = 15.0.28307.329
MinimumVisualStudioVersion = 10.0.40219.1
Project("{FAE04EC0-301F-11D3-BF4B-00C04F79EFBC}") = "mvc_videostore", "mvc_videostore\mvc_videostore.csproj", "{42D872F7-E635-44EB-A111-AF7E7092180C}"
EndProject
Global
	GlobalSection(SolutionConfigurationPlatforms) = preSolution
		Debug|Any CPU = Debug|Any CPU
		Release|Any CPU = Release|Any CPU
	EndGlobalSection
	GlobalSection(ProjectConfigurationPlatforms) = postSolution
		{42D872F7-E635-44EB-A111-AF7E7092180C}.Debug|Any CPU.ActiveCfg = Debug|Any CPU
		{42D872F7-E635-44EB-A111-AF7E7092180C}.Debug|Any CPU.Build.0 = Debug|Any CPU
		{42D872F7-E635-44EB-A111-AF7E7092180C}.Release|Any CPU.ActiveCfg = Release|Any CPU
		{42D872F7-E635-44EB-A111-AF7E7092180C}.Release|Any CPU.Build.0 = Release|Any CPU
	EndGlobalSection
	GlobalSection(SolutionProperties) = preSolution
		HideSolutionNode = FALSE
	EndGlobalSection
	GlobalSection(ExtensibilityGlobals) = postSolution
		SolutionGuid = {F149C9D4-843E-4499-A38D-FF6DA9403FE2}
	EndGlobalSection
EndGlobal
